
Microsoft Visual Studio Solution File, Format Version 12.00
# Visual Studio Version 17
VisualStudioVersion = 17.0.31903.59
MinimumVisualStudioVersion = 10.0.40219.1
Project("{2150E333-8FDC-42A3-9474-1A3956D46DE8}") = "src", "src", "{827E0CD3-B72D-47B6-A68D-7590B98EB39B}"
EndProject
Project("{FAE04EC0-301F-11D3-BF4B-00C04F79EFBC}") = "InvoiceManagement.Api", "src\InvoiceManagement.Api\InvoiceManagement.Api.csproj", "{84E2B55C-E09C-4E33-B3C5-027EDC53C8A5}"
EndProject
Project("{FAE04EC0-301F-11D3-BF4B-00C04F79EFBC}") = "InvoiceManagement.Application", "src\InvoiceManagement.Application\InvoiceManagement.Application.csproj", "{07B10C4E-D63C-4749-99F3-E9AF246F25EC}"
EndProject
Project("{FAE04EC0-301F-11D3-BF4B-00C04F79EFBC}") = "InvoiceManagement.Domain", "src\InvoiceManagement.Domain\InvoiceManagement.Domain.csproj", "{5D2FCFF3-3157-4F97-A052-B5BCF69D324A}"
EndProject
Project("{FAE04EC0-301F-11D3-BF4B-00C04F79EFBC}") = "InvoiceManagement.Infrastructure", "src\InvoiceManagement.Infrastructure\InvoiceManagement.Infrastructure.csproj", "{22716F47-046B-4A89-84D6-E59D606EED77}"
EndProject
Project("{2150E333-8FDC-42A3-9474-1A3956D46DE8}") = "tests", "tests", "{0AB3BF05-4346-4AA6-1389-037BE0695223}"
EndProject
Project("{FAE04EC0-301F-11D3-BF4B-00C04F79EFBC}") = "InvoiceManagement.UnitTests", "tests\InvoiceManagement.UnitTests\InvoiceManagement.UnitTests.csproj", "{5682F331-BB84-466B-BF3A-6FE381934DA2}"
EndProject
Project("{FAE04EC0-301F-11D3-BF4B-00C04F79EFBC}") = "InvoiceManagement.IntegrationTests", "tests\InvoiceManagement.IntegrationTests\InvoiceManagement.IntegrationTests.csproj", "{12F930F5-D32B-4A9D-9A48-6CD5A60E026B}"
EndProject
Global
	GlobalSection(SolutionConfigurationPlatforms) = preSolution
		Debug|Any CPU = Debug|Any CPU
		Debug|x64 = Debug|x64
		Debug|x86 = Debug|x86
		Release|Any CPU = Release|Any CPU
		Release|x64 = Release|x64
		Release|x86 = Release|x86
	EndGlobalSection
	GlobalSection(ProjectConfigurationPlatforms) = postSolution
		{84E2B55C-E09C-4E33-B3C5-027EDC53C8A5}.Debug|Any CPU.ActiveCfg = Debug|Any CPU
		{84E2B55C-E09C-4E33-B3C5-027EDC53C8A5}.Debug|Any CPU.Build.0 = Debug|Any CPU
		{84E2B55C-E09C-4E33-B3C5-027EDC53C8A5}.Debug|x64.ActiveCfg = Debug|Any CPU
		{84E2B55C-E09C-4E33-B3C5-027EDC53C8A5}.Debug|x64.Build.0 = Debug|Any CPU
		{84E2B55C-E09C-4E33-B3C5-027EDC53C8A5}.Debug|x86.ActiveCfg = Debug|Any CPU
		{84E2B55C-E09C-4E33-B3C5-027EDC53C8A5}.Debug|x86.Build.0 = Debug|Any CPU
		{84E2B55C-E09C-4E33-B3C5-027EDC53C8A5}.Release|Any CPU.ActiveCfg = Release|Any CPU
		{84E2B55C-E09C-4E33-B3C5-027EDC53C8A5}.Release|Any CPU.Build.0 = Release|Any CPU
		{84E2B55C-E09C-4E33-B3C5-027EDC53C8A5}.Release|x64.ActiveCfg = Release|Any CPU
		{84E2B55C-E09C-4E33-B3C5-027EDC53C8A5}.Release|x64.Build.0 = Release|Any CPU
		{84E2B55C-E09C-4E33-B3C5-027EDC53C8A5}.Release|x86.ActiveCfg = Release|Any CPU
		{84E2B55C-E09C-4E33-B3C5-027EDC53C8A5}.Release|x86.Build.0 = Release|Any CPU
		{07B10C4E-D63C-4749-99F3-E9AF246F25EC}.Debug|Any CPU.ActiveCfg = Debug|Any CPU
		{07B10C4E-D63C-4749-99F3-E9AF246F25EC}.Debug|Any CPU.Build.0 = Debug|Any CPU
		{07B10C4E-D63C-4749-99F3-E9AF246F25EC}.Debug|x64.ActiveCfg = Debug|Any CPU
		{07B10C4E-D63C-4749-99F3-E9AF246F25EC}.Debug|x64.Build.0 = Debug|Any CPU
		{07B10C4E-D63C-4749-99F3-E9AF246F25EC}.Debug|x86.ActiveCfg = Debug|Any CPU
		{07B10C4E-D63C-4749-99F3-E9AF246F25EC}.Debug|x86.Build.0 = Debug|Any CPU
		{07B10C4E-D63C-4749-99F3-E9AF246F25EC}.Release|Any CPU.ActiveCfg = Release|Any CPU
		{07B10C4E-D63C-4749-99F3-E9AF246F25EC}.Release|Any CPU.Build.0 = Release|Any CPU
		{07B10C4E-D63C-4749-99F3-E9AF246F25EC}.Release|x64.ActiveCfg = Release|Any CPU
		{07B10C4E-D63C-4749-99F3-E9AF246F25EC}.Release|x64.Build.0 = Release|Any CPU
		{07B10C4E-D63C-4749-99F3-E9AF246F25EC}.Release|x86.ActiveCfg = Release|Any CPU
		{07B10C4E-D63C-4749-99F3-E9AF246F25EC}.Release|x86.Build.0 = Release|Any CPU
		{5D2FCFF3-3157-4F97-A052-B5BCF69D324A}.Debug|Any CPU.ActiveCfg = Debug|Any CPU
		{5D2FCFF3-3157-4F97-A052-B5BCF69D324A}.Debug|Any CPU.Build.0 = Debug|Any CPU
		{5D2FCFF3-3157-4F97-A052-B5BCF69D324A}.Debug|x64.ActiveCfg = Debug|Any CPU
		{5D2FCFF3-3157-4F97-A052-B5BCF69D324A}.Debug|x64.Build.0 = Debug|Any CPU
		{5D2FCFF3-3157-4F97-A052-B5BCF69D324A}.Debug|x86.ActiveCfg = Debug|Any CPU
		{5D2FCFF3-3157-4F97-A052-B5BCF69D324A}.Debug|x86.Build.0 = Debug|Any CPU
		{5D2FCFF3-3157-4F97-A052-B5BCF69D324A}.Release|Any CPU.ActiveCfg = Release|Any CPU
		{5D2FCFF3-3157-4F97-A052-B5BCF69D324A}.Release|Any CPU.Build.0 = Release|Any CPU
		{5D2FCFF3-3157-4F97-A052-B5BCF69D324A}.Release|x64.ActiveCfg = Release|Any CPU
		{5D2FCFF3-3157-4F97-A052-B5BCF69D324A}.Release|x64.Build.0 = Release|Any CPU
		{5D2FCFF3-3157-4F97-A052-B5BCF69D324A}.Release|x86.ActiveCfg = Release|Any CPU
		{5D2FCFF3-3157-4F97-A052-B5BCF69D324A}.Release|x86.Build.0 = Release|Any CPU
		{22716F47-046B-4A89-84D6-E59D606EED77}.Debug|Any CPU.ActiveCfg = Debug|Any CPU
		{22716F47-046B-4A89-84D6-E59D606EED77}.Debug|Any CPU.Build.0 = Debug|Any CPU
		{22716F47-046B-4A89-84D6-E59D606EED77}.Debug|x64.ActiveCfg = Debug|Any CPU
		{22716F47-046B-4A89-84D6-E59D606EED77}.Debug|x64.Build.0 = Debug|Any CPU
		{22716F47-046B-4A89-84D6-E59D606EED77}.Debug|x86.ActiveCfg = Debug|Any CPU
		{22716F47-046B-4A89-84D6-E59D606EED77}.Debug|x86.Build.0 = Debug|Any CPU
		{22716F47-046B-4A89-84D6-E59D606EED77}.Release|Any CPU.ActiveCfg = Release|Any CPU
		{22716F47-046B-4A89-84D6-E59D606EED77}.Release|Any CPU.Build.0 = Release|Any CPU
		{22716F47-046B-4A89-84D6-E59D606EED77}.Release|x64.ActiveCfg = Release|Any CPU
		{22716F47-046B-4A89-84D6-E59D606EED77}.Release|x64.Build.0 = Release|Any CPU
		{22716F47-046B-4A89-84D6-E59D606EED77}.Release|x86.ActiveCfg = Release|Any CPU
		{22716F47-046B-4A89-84D6-E59D606EED77}.Release|x86.Build.0 = Release|Any CPU
		{5682F331-BB84-466B-BF3A-6FE381934DA2}.Debug|Any CPU.ActiveCfg = Debug|Any CPU
		{5682F331-BB84-466B-BF3A-6FE381934DA2}.Debug|Any CPU.Build.0 = Debug|Any CPU
		{5682F331-BB84-466B-BF3A-6FE381934DA2}.Debug|x64.ActiveCfg = Debug|Any CPU
		{5682F331-BB84-466B-BF3A-6FE381934DA2}.Debug|x64.Build.0 = Debug|Any CPU
		{5682F331-BB84-466B-BF3A-6FE381934DA2}.Debug|x86.ActiveCfg = Debug|Any CPU
		{5682F331-BB84-466B-BF3A-6FE381934DA2}.Debug|x86.Build.0 = Debug|Any CPU
		{5682F331-BB84-466B-BF3A-6FE381934DA2}.Release|Any CPU.ActiveCfg = Release|Any CPU
		{5682F331-BB84-466B-BF3A-6FE381934DA2}.Release|Any CPU.Build.0 = Release|Any CPU
		{5682F331-BB84-466B-BF3A-6FE381934DA2}.Release|x64.ActiveCfg = Release|Any CPU
		{5682F331-BB84-466B-BF3A-6FE381934DA2}.Release|x64.Build.0 = Release|Any CPU
		{5682F331-BB84-466B-BF3A-6FE381934DA2}.Release|x86.ActiveCfg = Release|Any CPU
		{5682F331-BB84-466B-BF3A-6FE381934DA2}.Release|x86.Build.0 = Release|Any CPU
		{12F930F5-D32B-4A9D-9A48-6CD5A60E026B}.Debug|Any CPU.ActiveCfg = Debug|Any CPU
		{12F930F5-D32B-4A9D-9A48-6CD5A60E026B}.Debug|Any CPU.Build.0 = Debug|Any CPU
		{12F930F5-D32B-4A9D-9A48-6CD5A60E026B}.Debug|x64.ActiveCfg = Debug|Any CPU
		{12F930F5-D32B-4A9D-9A48-6CD5A60E026B}.Debug|x64.Build.0 = Debug|Any CPU
		{12F930F5-D32B-4A9D-9A48-6CD5A60E026B}.Debug|x86.ActiveCfg = Debug|Any CPU
		{12F930F5-D32B-4A9D-9A48-6CD5A60E026B}.Debug|x86.Build.0 = Debug|Any CPU
		{12F930F5-D32B-4A9D-9A48-6CD5A60E026B}.Release|Any CPU.ActiveCfg = Release|Any CPU
		{12F930F5-D32B-4A9D-9A48-6CD5A60E026B}.Release|Any CPU.Build.0 = Release|Any CPU
		{12F930F5-D32B-4A9D-9A48-6CD5A60E026B}.Release|x64.ActiveCfg = Release|Any CPU
		{12F930F5-D32B-4A9D-9A48-6CD5A60E026B}.Release|x64.Build.0 = Release|Any CPU
		{12F930F5-D32B-4A9D-9A48-6CD5A60E026B}.Release|x86.ActiveCfg = Release|Any CPU
		{12F930F5-D32B-4A9D-9A48-6CD5A60E026B}.Release|x86.Build.0 = Release|Any CPU
	EndGlobalSection
	GlobalSection(SolutionProperties) = preSolution
		HideSolutionNode = FALSE
	EndGlobalSection
	GlobalSection(NestedProjects) = preSolution
		{84E2B55C-E09C-4E33-B3C5-027EDC53C8A5} = {827E0CD3-B72D-47B6-A68D-7590B98EB39B}
		{07B10C4E-D63C-4749-99F3-E9AF246F25EC} = {827E0CD3-B72D-47B6-A68D-7590B98EB39B}
		{5D2FCFF3-3157-4F97-A052-B5BCF69D324A} = {827E0CD3-B72D-47B6-A68D-7590B98EB39B}
		{22716F47-046B-4A89-84D6-E59D606EED77} = {827E0CD3-B72D-47B6-A68D-7590B98EB39B}
		{5682F331-BB84-466B-BF3A-6FE381934DA2} = {0AB3BF05-4346-4AA6-1389-037BE0695223}
		{12F930F5-D32B-4A9D-9A48-6CD5A60E026B} = {0AB3BF05-4346-4AA6-1389-037BE0695223}
	EndGlobalSection
EndGlobal
